
Microsoft Visual Studio Solution File, Format Version 12.00
# Visual Studio Version 17
VisualStudioVersion = 17.5.33516.290
MinimumVisualStudioVersion = 10.0.40219.1
Project("{FAE04EC0-301F-11D3-BF4B-00C04F79EFBC}") = "ConversorEscalas", "ConversorEscalas.csproj", "{79F5F0F8-A831-430E-80F6-2962BC3AD000}"
EndProject
Global
	GlobalSection(SolutionConfigurationPlatforms) = preSolution
		Debug|Any CPU = Debug|Any CPU
		Release|Any CPU = Release|Any CPU
	EndGlobalSection
	GlobalSection(ProjectConfigurationPlatforms) = postSolution
		{79F5F0F8-A831-430E-80F6-2962BC3AD000}.Debug|Any CPU.ActiveCfg = Debug|Any CPU
		{79F5F0F8-A831-430E-80F6-2962BC3AD000}.Debug|Any CPU.Build.0 = Debug|Any CPU
		{79F5F0F8-A831-430E-80F6-2962BC3AD000}.Release|Any CPU.ActiveCfg = Release|Any CPU
		{79F5F0F8-A831-430E-80F6-2962BC3AD000}.Release|Any CPU.Build.0 = Release|Any CPU
	EndGlobalSection
	GlobalSection(SolutionProperties) = preSolution
		HideSolutionNode = FALSE
	EndGlobalSection
	GlobalSection(ExtensibilityGlobals) = postSolution
		SolutionGuid = {B3941FAF-164E-4154-BF62-7A0690D7D636}
	EndGlobalSection
EndGlobal
